Microsoft Visual Studio Solution File, Format Version 12.00
# Visual Studio Version 17
VisualStudioVersion = 17.5.2.0
MinimumVisualStudioVersion = 10.0.40219.1
Project("{FAE04EC0-301F-11D3-BF4B-00C04F79EFBC}") = "grpc-client", "grpc-client.csproj", "{EC49C7C1-BD3A-5F9B-F3D3-5BE6841662AB}"
EndProject
Global
	GlobalSection(SolutionConfigurationPlatforms) = preSolution
		Debug|Any CPU = Debug|Any CPU
		Release|Any CPU = Release|Any CPU
	EndGlobalSection
	GlobalSection(ProjectConfigurationPlatforms) = postSolution
		{EC49C7C1-BD3A-5F9B-F3D3-5BE6841662AB}.Debug|Any CPU.ActiveCfg = Debug|Any CPU
		{EC49C7C1-BD3A-5F9B-F3D3-5BE6841662AB}.Debug|Any CPU.Build.0 = Debug|Any CPU
		{EC49C7C1-BD3A-5F9B-F3D3-5BE6841662AB}.Release|Any CPU.ActiveCfg = Release|Any CPU
		{EC49C7C1-BD3A-5F9B-F3D3-5BE6841662AB}.Release|Any CPU.Build.0 = Release|Any CPU
	EndGlobalSection
	GlobalSection(SolutionProperties) = preSolution
		HideSolutionNode = FALSE
	EndGlobalSection
	GlobalSection(ExtensibilityGlobals) = postSolution
		SolutionGuid = {54610E9A-4932-4B7E-A0CC-FC1BD8482BFE}
	EndGlobalSection
EndGlobal
